// !$*UTF8*$!
{
	archiveVersion = 1;
	classes = {
	};
	objectVersion = 77;
	objects = {

/* Begin PBXBuildFile section */
		29AD6FC62DD22FB300C97EAE /* README.md in Resources */ = {isa = PBXBuildFile; fileRef = 29AD6FC52DD22FB300C97EAE /* README.md */; };
/* End PBXBuildFile section */

/* Begin PBXContainerItemProxy section */
		2960A1E42DD1FE7B00294D45 /* PBXContainerItemProxy */ = {
			isa = PBXContainerItemProxy;
			containerPortal = 2960A1C92DD1FE7900294D45 /* Project object */;
			proxyType = 1;
			remoteGlobalIDString = 2960A1D02DD1FE7900294D45;
			remoteInfo = PocketWordsSwiftUI;
		};
		2960A1EE2DD1FE7B00294D45 /* PBXContainerItemProxy */ = {
			isa = PBXContainerItemProxy;
			containerPortal = 2960A1C92DD1FE7900294D45 /* Project object */;
			proxyType = 1;
			remoteGlobalIDString = 2960A1D02DD1FE7900294D45;
			remoteInfo = PocketWordsSwiftUI;
		};
/* End PBXContainerItemProxy section */

/* Begin PBXFileReference section */
		2960A1D12DD1FE7900294D45 /* PocketWordsSwiftUI.app */ = {isa = PBXFileReference; explicitFileType = wrapper.application; includeInIndex = 0; path = PocketWordsSwiftUI.app; sourceTree = BUILT_PRODUCTS_DIR; };
		2960A1E32DD1FE7B00294D45 /* PocketWordsSwiftUITests.xctest */ = {isa = PBXFileReference; explicitFileType = wrapper.cfbundle; includeInIndex = 0; path = PocketWordsSwiftUITests.xctest; sourceTree = BUILT_PRODUCTS_DIR; };
		2960A1ED2DD1FE7B00294D45 /* PocketWordsSwiftUIUITests.xctest */ = {isa = PBXFileReference; explicitFileType = wrapper.cfbundle; includeInIndex = 0; path = PocketWordsSwiftUIUITests.xctest; sourceTree = BUILT_PRODUCTS_DIR; };
		29AD6FC52DD22FB300C97EAE /* README.md */ = {isa = PBXFileReference; lastKnownFileType = net.daringfireball.markdown; path = README.md; sourceTree = "<group>"; };
/* End PBXFileReference section */

/* Begin PBXFileSystemSynchronizedRootGroup section */
		2960A1D32DD1FE7900294D45 /* PocketWordsSwiftUI */ = {
			isa = PBXFileSystemSynchronizedRootGroup;
			path = PocketWordsSwiftUI;
			sourceTree = "<group>";
		};
		2960A1E62DD1FE7B00294D45 /* PocketWordsSwiftUITests */ = {
			isa = PBXFileSystemSynchronizedRootGroup;
			path = PocketWordsSwiftUITests;
			sourceTree = "<group>";
		};
		2960A1F02DD1FE7B00294D45 /* PocketWordsSwiftUIUITests */ = {
			isa = PBXFileSystemSynchronizedRootGroup;
			path = PocketWordsSwiftUIUITests;
			sourceTree = "<group>";
		};
/* End PBXFileSystemSynchronizedRootGroup section */

/* Begin PBXFrameworksBuildPhase section */
		2960A1CE2DD1FE7900294D45 /* Frameworks */ = {
			isa = PBXFrameworksBuildPhase;
			buildActionMask = 2147483647;
			files = (
			);
			runOnlyForDeploymentPostprocessing = 0;
		};
		2960A1E02DD1FE7B00294D45 /* Frameworks */ = {
			isa = PBXFrameworksBuildPhase;
			buildActionMask = 2147483647;
			files = (
			);
			runOnlyForDeploymentPostprocessing = 0;
		};
		2960A1EA2DD1FE7B00294D45 /* Frameworks */ = {
			isa = PBXFrameworksBuildPhase;
			buildActionMask = 2147483647;
			files = (
			);
			runOnlyForDeploymentPostprocessing = 0;
		};
/* End PBXFrameworksBuildPhase section */

/* Begin PBXGroup section */
		2960A1C82DD1FE7900294D45 = {
			isa = PBXGroup;
			children = (
				29AD6FC52DD22FB300C97EAE /* README.md */,
				2960A1D32DD1FE7900294D45 /* PocketWordsSwiftUI */,
				2960A1E62DD1FE7B00294D45 /* PocketWordsSwiftUITests */,
				2960A1F02DD1FE7B00294D45 /* PocketWordsSwiftUIUITests */,
				2960A1D22DD1FE7900294D45 /* Products */,
			);
			sourceTree = "<group>";
		};
		2960A1D22DD1FE7900294D45 /* Products */ = {
			isa = PBXGroup;
			children = (
				2960A1D12DD1FE7900294D45 /* PocketWordsSwiftUI.app */,
				2960A1E32DD1FE7B00294D45 /* PocketWordsSwiftUITests.xctest */,
				2960A1ED2DD1FE7B00294D45 /* PocketWordsSwiftUIUITests.xctest */,
			);
			name = Products;
			sourceTree = "<group>";
		};
/* End PBXGroup section */

/* Begin PBXNativeTarget section */
		2960A1D02DD1FE7900294D45 /* PocketWordsSwiftUI */ = {
			isa = PBXNativeTarget;
			buildConfigurationList = 2960A1F72DD1FE7B00294D45 /* Build configuration list for PBXNativeTarget "PocketWordsSwiftUI" */;
			buildPhases = (
				2960A1CD2DD1FE7900294D45 /* Sources */,
				2960A1CE2DD1FE7900294D45 /* Frameworks */,
				2960A1CF2DD1FE7900294D45 /* Resources */,
			);
			buildRules = (
			);
			dependencies = (
			);
			fileSystemSynchronizedGroups = (
				2960A1D32DD1FE7900294D45 /* PocketWordsSwiftUI */,
			);
			name = PocketWordsSwiftUI;
			packageProductDependencies = (
			);
			productName = PocketWordsSwiftUI;
			productReference = 2960A1D12DD1FE7900294D45 /* PocketWordsSwiftUI.app */;
			productType = "com.apple.product-type.application";
		};
		2960A1E22DD1FE7B00294D45 /* PocketWordsSwiftUITests */ = {
			isa = PBXNativeTarget;
			buildConfigurationList = 2960A1FA2DD1FE7B00294D45 /* Build configuration list for PBXNativeTarget "PocketWordsSwiftUITests" */;
			buildPhases = (
				2960A1DF2DD1FE7B00294D45 /* Sources */,
				2960A1E02DD1FE7B00294D45 /* Frameworks */,
				2960A1E12DD1FE7B00294D45 /* Resources */,
			);
			buildRules = (
			);
			dependencies = (
				2960A1E52DD1FE7B00294D45 /* PBXTargetDependency */,
			);
			fileSystemSynchronizedGroups = (
				2960A1E62DD1FE7B00294D45 /* PocketWordsSwiftUITests */,
			);
			name = PocketWordsSwiftUITests;
			packageProductDependencies = (
			);
			productName = PocketWordsSwiftUITests;
			productReference = 2960A1E32DD1FE7B00294D45 /* PocketWordsSwiftUITests.xctest */;
			productType = "com.apple.product-type.bundle.unit-test";
		};
		2960A1EC2DD1FE7B00294D45 /* PocketWordsSwiftUIUITests */ = {
			isa = PBXNativeTarget;
			buildConfigurationList = 2960A1FD2DD1FE7B00294D45 /* Build configuration list for PBXNativeTarget "PocketWordsSwiftUIUITests" */;
			buildPhases = (
				2960A1E92DD1FE7B00294D45 /* Sources */,
				2960A1EA2DD1FE7B00294D45 /* Frameworks */,
				2960A1EB2DD1FE7B00294D45 /* Resources */,
			);
			buildRules = (
			);
			dependencies = (
				2960A1EF2DD1FE7B00294D45 /* PBXTargetDependency */,
			);
			fileSystemSynchronizedGroups = (
				2960A1F02DD1FE7B00294D45 /* PocketWordsSwiftUIUITests */,
			);
			name = PocketWordsSwiftUIUITests;
			packageProductDependencies = (
			);
			productName = PocketWordsSwiftUIUITests;
			productReference = 2960A1ED2DD1FE7B00294D45 /* PocketWordsSwiftUIUITests.xctest */;
			productType = "com.apple.product-type.bundle.ui-testing";
		};
/* End PBXNativeTarget section */

/* Begin PBXProject section */
		2960A1C92DD1FE7900294D45 /* Project object */ = {
			isa = PBXProject;
			attributes = {
				BuildIndependentTargetsInParallel = 1;
				LastSwiftUpdateCheck = 1620;
				LastUpgradeCheck = 1620;
				TargetAttributes = {
					2960A1D02DD1FE7900294D45 = {
						CreatedOnToolsVersion = 16.2;
					};
					2960A1E22DD1FE7B00294D45 = {
						CreatedOnToolsVersion = 16.2;
						TestTargetID = 2960A1D02DD1FE7900294D45;
					};
					2960A1EC2DD1FE7B00294D45 = {
						CreatedOnToolsVersion = 16.2;
						TestTargetID = 2960A1D02DD1FE7900294D45;
					};
				};
			};
			buildConfigurationList = 2960A1CC2DD1FE7900294D45 /* Build configuration list for PBXProject "PocketWordsSwiftUI" */;
			developmentRegion = en;
			hasScannedForEncodings = 0;
			knownRegions = (
				en,
				Base,
			);
			mainGroup = 2960A1C82DD1FE7900294D45;
			minimizedProjectReferenceProxies = 1;
			preferredProjectObjectVersion = 77;
			productRefGroup = 2960A1D22DD1FE7900294D45 /* Products */;
			projectDirPath = "";
			projectRoot = "";
			targets = (
				2960A1D02DD1FE7900294D45 /* PocketWordsSwiftUI */,
				2960A1E22DD1FE7B00294D45 /* PocketWordsSwiftUITests */,
				2960A1EC2DD1FE7B00294D45 /* PocketWordsSwiftUIUITests */,
			);
		};
/* End PBXProject section */

/* Begin PBXResourcesBuildPhase section */
		2960A1CF2DD1FE7900294D45 /* Resources */ = {
			isa = PBXResourcesBuildPhase;
			buildActionMask = 2147483647;
			files = (
				29AD6FC62DD22FB300C97EAE /* README.md in Resources */,
			);
			runOnlyForDeploymentPostprocessing = 0;
		};
		2960A1E12DD1FE7B00294D45 /* Resources */ = {
			isa = PBXResourcesBuildPhase;
			buildActionMask = 2147483647;
			files = (
			);
			runOnlyForDeploymentPostprocessing = 0;
		};
		2960A1EB2DD1FE7B00294D45 /* Resources */ = {
			isa = PBXResourcesBuildPhase;
			buildActionMask = 2147483647;
			files = (
			);
			runOnlyForDeploymentPostprocessing = 0;
		};
/* End PBXResourcesBuildPhase section */

/* Begin PBXSourcesBuildPhase section */
		2960A1CD2DD1FE7900294D45 /* Sources */ = {
			isa = PBXSourcesBuildPhase;
			buildActionMask = 2147483647;
			files = (
			);
			runOnlyForDeploymentPostprocessing = 0;
		};
		2960A1DF2DD1FE7B00294D45 /* Sources */ = {
			isa = PBXSourcesBuildPhase;
			buildActionMask = 2147483647;
			files = (
			);
			runOnlyForDeploymentPostprocessing = 0;
		};
		2960A1E92DD1FE7B00294D45 /* Sources */ = {
			isa = PBXSourcesBuildPhase;
			buildActionMask = 2147483647;
			files = (
			);
			runOnlyForDeploymentPostprocessing = 0;
		};
/* End PBXSourcesBuildPhase section */

/* Begin PBXTargetDependency section */
		2960A1E52DD1FE7B00294D45 /* PBXTargetDependency */ = {
			isa = PBXTargetDependency;
			target = 2960A1D02DD1FE7900294D45 /* PocketWordsSwiftUI */;
			targetProxy = 2960A1E42DD1FE7B00294D45 /* PBXContainerItemProxy */;
		};
		2960A1EF2DD1FE7B00294D45 /* PBXTargetDependency */ = {
			isa = PBXTargetDependency;
			target = 2960A1D02DD1FE7900294D45 /* PocketWordsSwiftUI */;
			targetProxy = 2960A1EE2DD1FE7B00294D45 /* PBXContainerItemProxy */;
		};
/* End PBXTargetDependency section */

/* Begin XCBuildConfiguration section */
		2960A1F52DD1FE7B00294D45 /* Debug */ = {
			isa = XCBuildConfiguration;
			buildSettings = {
				ALWAYS_SEARCH_USER_PATHS = NO;
				ASSETCATALOG_COMPILER_GENERATE_SWIFT_ASSET_SYMBOL_EXTENSIONS = YES;
				CLANG_ANALYZER_NONNULL = YES;
				CLANG_ANALYZER_NUMBER_OBJECT_CONVERSION = YES_AGGRESSIVE;
				CLANG_CXX_LANGUAGE_STANDARD = "gnu++20";
				CLANG_ENABLE_MODULES = YES;
				CLANG_ENABLE_OBJC_ARC = YES;
				CLANG_ENABLE_OBJC_WEAK = YES;
				CLANG_WARN_BLOCK_CAPTURE_AUTORELEASING = YES;
				CLANG_WARN_BOOL_CONVERSION = YES;
				CLANG_WARN_COMMA = YES;
				CLANG_WARN_CONSTANT_CONVERSION = YES;
				CLANG_WARN_DEPRECATED_OBJC_IMPLEMENTATIONS = YES;
				CLANG_WARN_DIRECT_OBJC_ISA_USAGE = YES_ERROR;
				CLANG_WARN_DOCUMENTATION_COMMENTS = YES;
				CLANG_WARN_EMPTY_BODY = YES;
				CLANG_WARN_ENUM_CONVERSION = YES;
				CLANG_WARN_INFINITE_RECURSION = YES;
				CLANG_WARN_INT_CONVERSION = YES;
				CLANG_WARN_NON_LITERAL_NULL_CONVERSION = YES;
				CLANG_WARN_OBJC_IMPLICIT_RETAIN_SELF = YES;
				CLANG_WARN_OBJC_LITERAL_CONVERSION = YES;
				CLANG_WARN_OBJC_ROOT_CLASS = YES_ERROR;
				CLANG_WARN_QUOTED_INCLUDE_IN_FRAMEWORK_HEADER = YES;
				CLANG_WARN_RANGE_LOOP_ANALYSIS = YES;
				CLANG_WARN_STRICT_PROTOTYPES = YES;
				CLANG_WARN_SUSPICIOUS_MOVE = YES;
				CLANG_WARN_UNGUARDED_AVAILABILITY = YES_AGGRESSIVE;
				CLANG_WARN_UNREACHABLE_CODE = YES;
				CLANG_WARN__DUPLICATE_METHOD_MATCH = YES;
				COPY_PHASE_STRIP = NO;
				DEBUG_INFORMATION_FORMAT = dwarf;
				ENABLE_STRICT_OBJC_MSGSEND = YES;
				ENABLE_TESTABILITY = YES;
				ENABLE_USER_SCRIPT_SANDBOXING = YES;
				GCC_C_LANGUAGE_STANDARD = gnu17;
				GCC_DYNAMIC_NO_PIC = NO;
				GCC_NO_COMMON_BLOCKS = YES;
				GCC_OPTIMIZATION_LEVEL = 0;
				GCC_PREPROCESSOR_DEFINITIONS = (
					"DEBUG=1",
					"$(inherited)",
				);
				GCC_WARN_64_TO_32_BIT_CONVERSION = YES;
				GCC_WARN_ABOUT_RETURN_TYPE = YES_ERROR;
				GCC_WARN_UNDECLARED_SELECTOR = YES;
				GCC_WARN_UNINITIALIZED_AUTOS = YES_AGGRESSIVE;
				GCC_WARN_UNUSED_FUNCTION = YES;
				GCC_WARN_UNUSED_VARIABLE = YES;
				IPHONEOS_DEPLOYMENT_TARGET = 18.2;
				LOCALIZATION_PREFERS_STRING_CATALOGS = YES;
				MTL_ENABLE_DEBUG_INFO = INCLUDE_SOURCE;
				MTL_FAST_MATH = YES;
				ONLY_ACTIVE_ARCH = YES;
				SDKROOT = iphoneos;
				SWIFT_ACTIVE_COMPILATION_CONDITIONS = "DEBUG $(inherited)";
				SWIFT_OPTIMIZATION_LEVEL = "-Onone";
			};
			name = Debug;
		};
		2960A1F62DD1FE7B00294D45 /* Release */ = {
			isa = XCBuildConfiguration;
			buildSettings = {
				ALWAYS_SEARCH_USER_PATHS = NO;
				ASSETCATALOG_COMPILER_GENERATE_SWIFT_ASSET_SYMBOL_EXTENSIONS = YES;
				CLANG_ANALYZER_NONNULL = YES;
				CLANG_ANALYZER_NUMBER_OBJECT_CONVERSION = YES_AGGRESSIVE;
				CLANG_CXX_LANGUAGE_STANDARD = "gnu++20";
				CLANG_ENABLE_MODULES = YES;
				CLANG_ENABLE_OBJC_ARC = YES;
				CLANG_ENABLE_OBJC_WEAK = YES;
				CLANG_WARN_BLOCK_CAPTURE_AUTORELEASING = YES;
				CLANG_WARN_BOOL_CONVERSION = YES;
				CLANG_WARN_COMMA = YES;
				CLANG_WARN_CONSTANT_CONVERSION = YES;
				CLANG_WARN_DEPRECATED_OBJC_IMPLEMENTATIONS = YES;
				CLANG_WARN_DIRECT_OBJC_ISA_USAGE = YES_ERROR;
				CLANG_WARN_DOCUMENTATION_COMMENTS = YES;
				CLANG_WARN_EMPTY_BODY = YES;
				CLANG_WARN_ENUM_CONVERSION = YES;
				CLANG_WARN_INFINITE_RECURSION = YES;
				CLANG_WARN_INT_CONVERSION = YES;
				CLANG_WARN_NON_LITERAL_NULL_CONVERSION = YES;
				CLANG_WARN_OBJC_IMPLICIT_RETAIN_SELF = YES;
				CLANG_WARN_OBJC_LITERAL_CONVERSION = YES;
				CLANG_WARN_OBJC_ROOT_CLASS = YES_ERROR;
				CLANG_WARN_QUOTED_INCLUDE_IN_FRAMEWORK_HEADER = YES;
				CLANG_WARN_RANGE_LOOP_ANALYSIS = YES;
				CLANG_WARN_STRICT_PROTOTYPES = YES;
				CLANG_WARN_SUSPICIOUS_MOVE = YES;
				CLANG_WARN_UNGUARDED_AVAILABILITY = YES_AGGRESSIVE;
				CLANG_WARN_UNREACHABLE_CODE = YES;
				CLANG_WARN__DUPLICATE_METHOD_MATCH = YES;
				COPY_PHASE_STRIP = NO;
				DEBUG_INFORMATION_FORMAT = "dwarf-with-dsym";
				ENABLE_NS_ASSERTIONS = NO;
				ENABLE_STRICT_OBJC_MSGSEND = YES;
				ENABLE_USER_SCRIPT_SANDBOXING = YES;
				GCC_C_LANGUAGE_STANDARD = gnu17;
				GCC_NO_COMMON_BLOCKS = YES;
				GCC_WARN_64_TO_32_BIT_CONVERSION = YES;
				GCC_WARN_ABOUT_RETURN_TYPE = YES_ERROR;
				GCC_WARN_UNDECLARED_SELECTOR = YES;
				GCC_WARN_UNINITIALIZED_AUTOS = YES_AGGRESSIVE;
				GCC_WARN_UNUSED_FUNCTION = YES;
				GCC_WARN_UNUSED_VARIABLE = YES;
				IPHONEOS_DEPLOYMENT_TARGET = 18.2;
				LOCALIZATION_PREFERS_STRING_CATALOGS = YES;
				MTL_ENABLE_DEBUG_INFO = NO;
				MTL_FAST_MATH = YES;
				SDKROOT = iphoneos;
				SWIFT_COMPILATION_MODE = wholemodule;
				VALIDATE_PRODUCT = YES;
			};
			name = Release;
		};
		2960A1F82DD1FE7B00294D45 /* Debug */ = {
			isa = XCBuildConfiguration;
			buildSettings = {
				ASSETCATALOG_COMPILER_APPICON_NAME = AppIcon;
				ASSETCATALOG_COMPILER_GLOBAL_ACCENT_COLOR_NAME = AccentColor;
				CODE_SIGN_STYLE = Automatic;
				CURRENT_PROJECT_VERSION = 1;
				DEVELOPMENT_ASSET_PATHS = "\"PocketWordsSwiftUI/Preview Content\"";
				ENABLE_PREVIEWS = YES;
				GENERATE_INFOPLIST_FILE = YES;
				INFOPLIST_KEY_UIApplicationSceneManifest_Generation = YES;
				INFOPLIST_KEY_UIApplicationSupportsIndirectInputEvents = YES;
				INFOPLIST_KEY_UILaunchScreen_Generation = YES;
				INFOPLIST_KEY_UISupportedInterfaceOrientations_iPad = "UIInterfaceOrientationPortrait UIInterfaceOrientationPortraitUpsideDown UIInterfaceOrientationLandscapeLeft UIInterfaceOrientationLandscapeRight";
				INFOPLIST_KEY_UISupportedInterfaceOrientations_iPhone = "UIInterfaceOrientationPortrait UIInterfaceOrientationLandscapeLeft UIInterfaceOrientationLandscapeRight";
				IPHONEOS_DEPLOYMENT_TARGET = 18.0;
				LD_RUNPATH_SEARCH_PATHS = (
					"$(inherited)",
					"@executable_path/Frameworks",
				);
				MARKETING_VERSION = 1.0;
				PRODUCT_BUNDLE_IDENTIFIER = test.PocketWordsSwiftUI;
				PRODUCT_NAME = "$(TARGET_NAME)";
				SWIFT_EMIT_LOC_STRINGS = YES;
				SWIFT_VERSION = 5.0;
				TARGETED_DEVICE_FAMILY = "1,2";
			};
			name = Debug;
		};
		2960A1F92DD1FE7B00294D45 /* Release */ = {
			isa = XCBuildConfiguration;
			buildSettings = {
				ASSETCATALOG_COMPILER_APPICON_NAME = AppIcon;
				ASSETCATALOG_COMPILER_GLOBAL_ACCENT_COLOR_NAME = AccentColor;
				CODE_SIGN_STYLE = Automatic;
				CURRENT_PROJECT_VERSION = 1;
				DEVELOPMENT_ASSET_PATHS = "\"PocketWordsSwiftUI/Preview Content\"";
				ENABLE_PREVIEWS = YES;
				GENERATE_INFOPLIST_FILE = YES;
				INFOPLIST_KEY_UIApplicationSceneManifest_Generation = YES;
				INFOPLIST_KEY_UIApplicationSupportsIndirectInputEvents = YES;
				INFOPLIST_KEY_UILaunchScreen_Generation = YES;
				INFOPLIST_KEY_UISupportedInterfaceOrientations_iPad = "UIInterfaceOrientationPortrait UIInterfaceOrientationPortraitUpsideDown UIInterfaceOrientationLandscapeLeft UIInterfaceOrientationLandscapeRight";
				INFOPLIST_KEY_UISupportedInterfaceOrientations_iPhone = "UIInterfaceOrientationPortrait UIInterfaceOrientationLandscapeLeft UIInterfaceOrientationLandscapeRight";
				IPHONEOS_DEPLOYMENT_TARGET = 18.0;
				LD_RUNPATH_SEARCH_PATHS = (
					"$(inherited)",
					"@executable_path/Frameworks",
				);
				MARKETING_VERSION = 1.0;
				PRODUCT_BUNDLE_IDENTIFIER = test.PocketWordsSwiftUI;
				PRODUCT_NAME = "$(TARGET_NAME)";
				SWIFT_EMIT_LOC_STRINGS = YES;
				SWIFT_VERSION = 5.0;
				TARGETED_DEVICE_FAMILY = "1,2";
			};
			name = Release;
		};
		2960A1FB2DD1FE7B00294D45 /* Debug */ = {
			isa = XCBuildConfiguration;
			buildSettings = {
				BUNDLE_LOADER = "$(TEST_HOST)";
				CODE_SIGN_STYLE = Automatic;
				CURRENT_PROJECT_VERSION = 1;
				GENERATE_INFOPLIST_FILE = YES;
				IPHONEOS_DEPLOYMENT_TARGET = 18.2;
				MARKETING_VERSION = 1.0;
				PRODUCT_BUNDLE_IDENTIFIER = test.PocketWordsSwiftUITests;
				PRODUCT_NAME = "$(TARGET_NAME)";
				SWIFT_EMIT_LOC_STRINGS = NO;
				SWIFT_VERSION = 5.0;
				TARGETED_DEVICE_FAMILY = "1,2";
				TEST_HOST = "$(BUILT_PRODUCTS_DIR)/PocketWordsSwiftUI.app/$(BUNDLE_EXECUTABLE_FOLDER_PATH)/PocketWordsSwiftUI";
			};
			name = Debug;
		};
		2960A1FC2DD1FE7B00294D45 /* Release */ = {
			isa = XCBuildConfiguration;
			buildSettings = {
				BUNDLE_LOADER = "$(TEST_HOST)";
				CODE_SIGN_STYLE = Automatic;
				CURRENT_PROJECT_VERSION = 1;
				GENERATE_INFOPLIST_FILE = YES;
				IPHONEOS_DEPLOYMENT_TARGET = 18.2;
				MARKETING_VERSION = 1.0;
				PRODUCT_BUNDLE_IDENTIFIER = test.PocketWordsSwiftUITests;
				PRODUCT_NAME = "$(TARGET_NAME)";
				SWIFT_EMIT_LOC_STRINGS = NO;
				SWIFT_VERSION = 5.0;
				TARGETED_DEVICE_FAMILY = "1,2";
				TEST_HOST = "$(BUILT_PRODUCTS_DIR)/PocketWordsSwiftUI.app/$(BUNDLE_EXECUTABLE_FOLDER_PATH)/PocketWordsSwiftUI";
			};
			name = Release;
		};
		2960A1FE2DD1FE7B00294D45 /* Debug */ = {
			isa = XCBuildConfiguration;
			buildSettings = {
				CODE_SIGN_STYLE = Automatic;
				CURRENT_PROJECT_VERSION = 1;
				GENERATE_INFOPLIST_FILE = YES;
				MARKETING_VERSION = 1.0;
				PRODUCT_BUNDLE_IDENTIFIER = test.PocketWordsSwiftUIUITests;
				PRODUCT_NAME = "$(TARGET_NAME)";
				SWIFT_EMIT_LOC_STRINGS = NO;
				SWIFT_VERSION = 5.0;
				TARGETED_DEVICE_FAMILY = "1,2";
				TEST_TARGET_NAME = PocketWordsSwiftUI;
			};
			name = Debug;
		};
		2960A1FF2DD1FE7B00294D45 /* Release */ = {
			isa = XCBuildConfiguration;
			buildSettings = {
				CODE_SIGN_STYLE = Automatic;
				CURRENT_PROJECT_VERSION = 1;
				GENERATE_INFOPLIST_FILE = YES;
				MARKETING_VERSION = 1.0;
				PRODUCT_BUNDLE_IDENTIFIER = test.PocketWordsSwiftUIUITests;
				PRODUCT_NAME = "$(TARGET_NAME)";
				SWIFT_EMIT_LOC_STRINGS = NO;
				SWIFT_VERSION = 5.0;
				TARGETED_DEVICE_FAMILY = "1,2";
				TEST_TARGET_NAME = PocketWordsSwiftUI;
			};
			name = Release;
		};
/* End XCBuildConfiguration section */

/* Begin XCConfigurationList section */
		2960A1CC2DD1FE7900294D45 /* Build configuration list for PBXProject "PocketWordsSwiftUI" */ = {
			isa = XCConfigurationList;
			buildConfigurations = (
				2960A1F52DD1FE7B00294D45 /* Debug */,
				2960A1F62DD1FE7B00294D45 /* Release */,
			);
			defaultConfigurationIsVisible = 0;
			defaultConfigurationName = Release;
		};
		2960A1F72DD1FE7B00294D45 /* Build configuration list for PBXNativeTarget "PocketWordsSwiftUI" */ = {
			isa = XCConfigurationList;
			buildConfigurations = (
				2960A1F82DD1FE7B00294D45 /* Debug */,
				2960A1F92DD1FE7B00294D45 /* Release */,
			);
			defaultConfigurationIsVisible = 0;
			defaultConfigurationName = Release;
		};
		2960A1FA2DD1FE7B00294D45 /* Build configuration list for PBXNativeTarget "PocketWordsSwiftUITests" */ = {
			isa = XCConfigurationList;
			buildConfigurations = (
				2960A1FB2DD1FE7B00294D45 /* Debug */,
				2960A1FC2DD1FE7B00294D45 /* Release */,
			);
			defaultConfigurationIsVisible = 0;
			defaultConfigurationName = Release;
		};
		2960A1FD2DD1FE7B00294D45 /* Build configuration list for PBXNativeTarget "PocketWordsSwiftUIUITests" */ = {
			isa = XCConfigurationList;
			buildConfigurations = (
				2960A1FE2DD1FE7B00294D45 /* Debug */,
				2960A1FF2DD1FE7B00294D45 /* Release */,
			);
			defaultConfigurationIsVisible = 0;
			defaultConfigurationName = Release;
		};
/* End XCConfigurationList section */
	};
	rootObject = 2960A1C92DD1FE7900294D45 /* Project object */;
}
